
Microsoft Visual Studio Solution File, Format Version 12.00
# Visual Studio Version 17
VisualStudioVersion = 17.4.33213.308
MinimumVisualStudioVersion = 10.0.40219.1
Project("{9A19103F-16F7-4668-BE54-9A1E7A4F7556}") = "ExchangeRate", "ExchangeRate\ExchangeRate.csproj", "{D26CEB26-F999-4CC8-8E06-B601F81D69AD}"
EndProject
Global
	GlobalSection(SolutionConfigurationPlatforms) = preSolution
		Debug|Any CPU = Debug|Any CPU
		Release|Any CPU = Release|Any CPU
	EndGlobalSection
	GlobalSection(ProjectConfigurationPlatforms) = postSolution
		{D26CEB26-F999-4CC8-8E06-B601F81D69AD}.Debug|Any CPU.ActiveCfg = Debug|Any CPU
		{D26CEB26-F999-4CC8-8E06-B601F81D69AD}.Debug|Any CPU.Build.0 = Debug|Any CPU
		{D26CEB26-F999-4CC8-8E06-B601F81D69AD}.Release|Any CPU.ActiveCfg = Release|Any CPU
		{D26CEB26-F999-4CC8-8E06-B601F81D69AD}.Release|Any CPU.Build.0 = Release|Any CPU
	EndGlobalSection
	GlobalSection(SolutionProperties) = preSolution
		HideSolutionNode = FALSE
	EndGlobalSection
	GlobalSection(ExtensibilityGlobals) = postSolution
		SolutionGuid = {BE5AB70B-0C6C-479D-A208-12FE903B3E8D}
	EndGlobalSection
EndGlobal
